
Microsoft Visual Studio Solution File, Format Version 12.00
# Visual Studio Version 16
VisualStudioVersion = 16.0.30517.126
MinimumVisualStudioVersion = 10.0.40219.1
Project("{FAE04EC0-301F-11D3-BF4B-00C04F79EFBC}") = "MyGame", "Asteroid\MyGame.csproj", "{AECEB544-AF5C-4909-B953-7E015F9314CA}"
EndProject
Project("{2150E333-8FDC-42A3-9474-1A3956D46DE8}") = "Les2Exercise1", "Les2Exercise1", "{99184267-B455-4B58-8063-9D48FEB9036D}"
EndProject
Project("{FAE04EC0-301F-11D3-BF4B-00C04F79EFBC}") = "Les2Exercise1", "Les2Exercise1\Les2Exercise1.csproj", "{66CDD248-5807-48B3-B13F-6715122C04DA}"
EndProject
Project("{2150E333-8FDC-42A3-9474-1A3956D46DE8}") = "Les3Exercise5", "Les3Exercise5", "{07E9B7E8-EA32-47A6-A51A-888920E73DF3}"
EndProject
Project("{2150E333-8FDC-42A3-9474-1A3956D46DE8}") = "Asteroid", "Asteroid", "{92046E2B-AD6D-4755-854D-333BEFE388D0}"
EndProject
Project("{FAE04EC0-301F-11D3-BF4B-00C04F79EFBC}") = "Les3Exercise5", "Les3Exercise5\Les3Exercise5.csproj", "{EB2505FB-A404-447B-8778-1A1B2CCC42FE}"
EndProject
Project("{2150E333-8FDC-42A3-9474-1A3956D46DE8}") = "Les4Exercise", "Les4Exercise", "{3A0177DA-1334-4983-9ACA-D5A62313A40B}"
EndProject
Project("{FAE04EC0-301F-11D3-BF4B-00C04F79EFBC}") = "Les4Exercise2", "Les4Exercise2\Les4Exercise2.csproj", "{C4AABE8C-D2D2-4D38-8F3E-509C9DD7A1BB}"
EndProject
Project("{FAE04EC0-301F-11D3-BF4B-00C04F79EFBC}") = "Les4Exercise3", "Les4Exercise3\Les4Exercise3.csproj", "{82E6457A-8748-4793-A917-9CBD18468FB8}"
EndProject
Project("{2150E333-8FDC-42A3-9474-1A3956D46DE8}") = "Les5-6", "Les5-6", "{6E05E13B-044D-4257-91C8-A3932F86987D}"
EndProject
Project("{FAE04EC0-301F-11D3-BF4B-00C04F79EFBC}") = "Les5-6", "Les5Exercise\Les5-6.csproj", "{9B3193A5-27B4-46F7-A367-220CD1158F3B}"
EndProject
Global
	GlobalSection(SolutionConfigurationPlatforms) = preSolution
		Debug|Any CPU = Debug|Any CPU
		Release|Any CPU = Release|Any CPU
	EndGlobalSection
	GlobalSection(ProjectConfigurationPlatforms) = postSolution
		{AECEB544-AF5C-4909-B953-7E015F9314CA}.Debug|Any CPU.ActiveCfg = Debug|Any CPU
		{AECEB544-AF5C-4909-B953-7E015F9314CA}.Debug|Any CPU.Build.0 = Debug|Any CPU
		{AECEB544-AF5C-4909-B953-7E015F9314CA}.Release|Any CPU.ActiveCfg = Release|Any CPU
		{AECEB544-AF5C-4909-B953-7E015F9314CA}.Release|Any CPU.Build.0 = Release|Any CPU
		{66CDD248-5807-48B3-B13F-6715122C04DA}.Debug|Any CPU.ActiveCfg = Debug|Any CPU
		{66CDD248-5807-48B3-B13F-6715122C04DA}.Debug|Any CPU.Build.0 = Debug|Any CPU
		{66CDD248-5807-48B3-B13F-6715122C04DA}.Release|Any CPU.ActiveCfg = Release|Any CPU
		{66CDD248-5807-48B3-B13F-6715122C04DA}.Release|Any CPU.Build.0 = Release|Any CPU
		{EB2505FB-A404-447B-8778-1A1B2CCC42FE}.Debug|Any CPU.ActiveCfg = Debug|Any CPU
		{EB2505FB-A404-447B-8778-1A1B2CCC42FE}.Debug|Any CPU.Build.0 = Debug|Any CPU
		{EB2505FB-A404-447B-8778-1A1B2CCC42FE}.Release|Any CPU.ActiveCfg = Release|Any CPU
		{EB2505FB-A404-447B-8778-1A1B2CCC42FE}.Release|Any CPU.Build.0 = Release|Any CPU
		{C4AABE8C-D2D2-4D38-8F3E-509C9DD7A1BB}.Debug|Any CPU.ActiveCfg = Debug|Any CPU
		{C4AABE8C-D2D2-4D38-8F3E-509C9DD7A1BB}.Debug|Any CPU.Build.0 = Debug|Any CPU
		{C4AABE8C-D2D2-4D38-8F3E-509C9DD7A1BB}.Release|Any CPU.ActiveCfg = Release|Any CPU
		{C4AABE8C-D2D2-4D38-8F3E-509C9DD7A1BB}.Release|Any CPU.Build.0 = Release|Any CPU
		{82E6457A-8748-4793-A917-9CBD18468FB8}.Debug|Any CPU.ActiveCfg = Debug|Any CPU
		{82E6457A-8748-4793-A917-9CBD18468FB8}.Debug|Any CPU.Build.0 = Debug|Any CPU
		{82E6457A-8748-4793-A917-9CBD18468FB8}.Release|Any CPU.ActiveCfg = Release|Any CPU
		{82E6457A-8748-4793-A917-9CBD18468FB8}.Release|Any CPU.Build.0 = Release|Any CPU
		{9B3193A5-27B4-46F7-A367-220CD1158F3B}.Debug|Any CPU.ActiveCfg = Debug|Any CPU
		{9B3193A5-27B4-46F7-A367-220CD1158F3B}.Debug|Any CPU.Build.0 = Debug|Any CPU
		{9B3193A5-27B4-46F7-A367-220CD1158F3B}.Release|Any CPU.ActiveCfg = Release|Any CPU
		{9B3193A5-27B4-46F7-A367-220CD1158F3B}.Release|Any CPU.Build.0 = Release|Any CPU
	EndGlobalSection
	GlobalSection(SolutionProperties) = preSolution
		HideSolutionNode = FALSE
	EndGlobalSection
	GlobalSection(NestedProjects) = preSolution
		{AECEB544-AF5C-4909-B953-7E015F9314CA} = {92046E2B-AD6D-4755-854D-333BEFE388D0}
		{66CDD248-5807-48B3-B13F-6715122C04DA} = {99184267-B455-4B58-8063-9D48FEB9036D}
		{EB2505FB-A404-447B-8778-1A1B2CCC42FE} = {07E9B7E8-EA32-47A6-A51A-888920E73DF3}
		{C4AABE8C-D2D2-4D38-8F3E-509C9DD7A1BB} = {3A0177DA-1334-4983-9ACA-D5A62313A40B}
		{82E6457A-8748-4793-A917-9CBD18468FB8} = {3A0177DA-1334-4983-9ACA-D5A62313A40B}
		{9B3193A5-27B4-46F7-A367-220CD1158F3B} = {6E05E13B-044D-4257-91C8-A3932F86987D}
	EndGlobalSection
	GlobalSection(ExtensibilityGlobals) = postSolution
		SolutionGuid = {646CEE9E-AC22-4EBD-B8ED-21BA25DF490A}
	EndGlobalSection
EndGlobal
